// !$*UTF8*$!
{
	archiveVersion = 1;
	classes = {
	};
	objectVersion = 56;
	objects = {

/* Begin PBXBuildFile section */
		643C81482AAC43E40056B302 /* NewsTabView.swift in Sources */ = {isa = PBXBuildFile; fileRef = 643C81472AAC43E40056B302 /* NewsTabView.swift */; };
		643C814A2AAC44AF0056B302 /* HomeView.swift in Sources */ = {isa = PBXBuildFile; fileRef = 643C81492AAC44AF0056B302 /* HomeView.swift */; };
		643C814C2AAC44D20056B302 /* TodaysNewsTabItem.swift in Sources */ = {isa = PBXBuildFile; fileRef = 643C814B2AAC44D20056B302 /* TodaysNewsTabItem.swift */; };
		643C814E2AAC44F30056B302 /* MarketTabItem.swift in Sources */ = {isa = PBXBuildFile; fileRef = 643C814D2AAC44F30056B302 /* MarketTabItem.swift */; };
		643C81502AAC46A60056B302 /* TabItems.swift in Sources */ = {isa = PBXBuildFile; fileRef = 643C814F2AAC46A60056B302 /* TabItems.swift */; };
		643C81522AAC47B40056B302 /* TabViewAssets.xcassets in Resources */ = {isa = PBXBuildFile; fileRef = 643C81512AAC47B40056B302 /* TabViewAssets.xcassets */; };
		643C81562AAC5E4D0056B302 /* AppFont.swift in Sources */ = {isa = PBXBuildFile; fileRef = 643C81552AAC5E4D0056B302 /* AppFont.swift */; };
		643C81582AAC628A0056B302 /* HomeViewListItem.swift in Sources */ = {isa = PBXBuildFile; fileRef = 643C81572AAC628A0056B302 /* HomeViewListItem.swift */; };
		643C815B2AAC63EF0056B302 /* HeadlineText.swift in Sources */ = {isa = PBXBuildFile; fileRef = 643C815A2AAC63EF0056B302 /* HeadlineText.swift */; };
		643C815D2AAC65760056B302 /* StoryText.swift in Sources */ = {isa = PBXBuildFile; fileRef = 643C815C2AAC65760056B302 /* StoryText.swift */; };
		643C815F2AAC65830056B302 /* AuthorText.swift in Sources */ = {isa = PBXBuildFile; fileRef = 643C815E2AAC65830056B302 /* AuthorText.swift */; };
		643C816C2AAC66B50056B302 /* AppColor.swift in Sources */ = {isa = PBXBuildFile; fileRef = 643C816B2AAC66B50056B302 /* AppColor.swift */; };
		643C81712AAC75510056B302 /* ApiService.swift in Sources */ = {isa = PBXBuildFile; fileRef = 643C81702AAC75510056B302 /* ApiService.swift */; };
		643C81732AAC761C0056B302 /* ApiError.swift in Sources */ = {isa = PBXBuildFile; fileRef = 643C81722AAC761C0056B302 /* ApiError.swift */; };
		643C81752AAC76650056B302 /* ApiRequest.swift in Sources */ = {isa = PBXBuildFile; fileRef = 643C81742AAC76650056B302 /* ApiRequest.swift */; };
		644BAD482AAAFBD000221DC6 /* NewsArticlesApp.swift in Sources */ = {isa = PBXBuildFile; fileRef = 644BAD472AAAFBD000221DC6 /* NewsArticlesApp.swift */; };
		644BAD4C2AAAFBD000221DC6 /* Assets.xcassets in Resources */ = {isa = PBXBuildFile; fileRef = 644BAD4B2AAAFBD000221DC6 /* Assets.xcassets */; };
		644BAD4F2AAAFBD000221DC6 /* Preview Assets.xcassets in Resources */ = {isa = PBXBuildFile; fileRef = 644BAD4E2AAAFBD000221DC6 /* Preview Assets.xcassets */; };
		644BAD592AAAFBD100221DC6 /* NewsArticlesTests.swift in Sources */ = {isa = PBXBuildFile; fileRef = 644BAD582AAAFBD100221DC6 /* NewsArticlesTests.swift */; };
		644BAD632AAAFBD100221DC6 /* NewsArticlesUITests.swift in Sources */ = {isa = PBXBuildFile; fileRef = 644BAD622AAAFBD100221DC6 /* NewsArticlesUITests.swift */; };
		644BAD652AAAFBD100221DC6 /* NewsArticlesUITestsLaunchTests.swift in Sources */ = {isa = PBXBuildFile; fileRef = 644BAD642AAAFBD100221DC6 /* NewsArticlesUITestsLaunchTests.swift */; };
		64689EBE2AACC576007DEDA8 /* HomeViewStore.swift in Sources */ = {isa = PBXBuildFile; fileRef = 64689EBD2AACC576007DEDA8 /* HomeViewStore.swift */; };
		64689EC12AACC5D1007DEDA8 /* ViewModelDelegate.swift in Sources */ = {isa = PBXBuildFile; fileRef = 64689EC02AACC5D1007DEDA8 /* ViewModelDelegate.swift */; };
		64689EC32AACC6A3007DEDA8 /* ViewModel.swift in Sources */ = {isa = PBXBuildFile; fileRef = 64689EC22AACC6A3007DEDA8 /* ViewModel.swift */; };
		64689EC52AACC7E4007DEDA8 /* ViewState.swift in Sources */ = {isa = PBXBuildFile; fileRef = 64689EC42AACC7E4007DEDA8 /* ViewState.swift */; };
		64689EC72AACCA42007DEDA8 /* HomeServiceRoute.swift in Sources */ = {isa = PBXBuildFile; fileRef = 64689EC62AACCA42007DEDA8 /* HomeServiceRoute.swift */; };
		64689EC92AACCF37007DEDA8 /* Articles.swift in Sources */ = {isa = PBXBuildFile; fileRef = 64689EC82AACCF37007DEDA8 /* Articles.swift */; };
		64689ECB2AACCF50007DEDA8 /* BaseResponse.swift in Sources */ = {isa = PBXBuildFile; fileRef = 64689ECA2AACCF50007DEDA8 /* BaseResponse.swift */; };
/* End PBXBuildFile section */

/* Begin PBXContainerItemProxy section */
		644BAD552AAAFBD100221DC6 /* PBXContainerItemProxy */ = {
			isa = PBXContainerItemProxy;
			containerPortal = 644BAD3C2AAAFBD000221DC6 /* Project object */;
			proxyType = 1;
			remoteGlobalIDString = 644BAD432AAAFBD000221DC6;
			remoteInfo = NewsArticles;
		};
		644BAD5F2AAAFBD100221DC6 /* PBXContainerItemProxy */ = {
			isa = PBXContainerItemProxy;
			containerPortal = 644BAD3C2AAAFBD000221DC6 /* Project object */;
			proxyType = 1;
			remoteGlobalIDString = 644BAD432AAAFBD000221DC6;
			remoteInfo = NewsArticles;
		};
/* End PBXContainerItemProxy section */

/* Begin PBXFileReference section */
		643C81472AAC43E40056B302 /* NewsTabView.swift */ = {isa = PBXFileReference; lastKnownFileType = sourcecode.swift; path = NewsTabView.swift; sourceTree = "<group>"; };
		643C81492AAC44AF0056B302 /* HomeView.swift */ = {isa = PBXFileReference; lastKnownFileType = sourcecode.swift; path = HomeView.swift; sourceTree = "<group>"; };
		643C814B2AAC44D20056B302 /* TodaysNewsTabItem.swift */ = {isa = PBXFileReference; lastKnownFileType = sourcecode.swift; path = TodaysNewsTabItem.swift; sourceTree = "<group>"; };
		643C814D2AAC44F30056B302 /* MarketTabItem.swift */ = {isa = PBXFileReference; lastKnownFileType = sourcecode.swift; path = MarketTabItem.swift; sourceTree = "<group>"; };
		643C814F2AAC46A60056B302 /* TabItems.swift */ = {isa = PBXFileReference; lastKnownFileType = sourcecode.swift; path = TabItems.swift; sourceTree = "<group>"; };
		643C81512AAC47B40056B302 /* TabViewAssets.xcassets */ = {isa = PBXFileReference; lastKnownFileType = folder.assetcatalog; path = TabViewAssets.xcassets; sourceTree = "<group>"; };
		643C81552AAC5E4D0056B302 /* AppFont.swift */ = {isa = PBXFileReference; lastKnownFileType = sourcecode.swift; path = AppFont.swift; sourceTree = "<group>"; };
		643C81572AAC628A0056B302 /* HomeViewListItem.swift */ = {isa = PBXFileReference; lastKnownFileType = sourcecode.swift; path = HomeViewListItem.swift; sourceTree = "<group>"; };
		643C815A2AAC63EF0056B302 /* HeadlineText.swift */ = {isa = PBXFileReference; lastKnownFileType = sourcecode.swift; path = HeadlineText.swift; sourceTree = "<group>"; };
		643C815C2AAC65760056B302 /* StoryText.swift */ = {isa = PBXFileReference; lastKnownFileType = sourcecode.swift; path = StoryText.swift; sourceTree = "<group>"; };
		643C815E2AAC65830056B302 /* AuthorText.swift */ = {isa = PBXFileReference; lastKnownFileType = sourcecode.swift; path = AuthorText.swift; sourceTree = "<group>"; };
		643C816B2AAC66B50056B302 /* AppColor.swift */ = {isa = PBXFileReference; lastKnownFileType = sourcecode.swift; path = AppColor.swift; sourceTree = "<group>"; };
		643C81702AAC75510056B302 /* ApiService.swift */ = {isa = PBXFileReference; lastKnownFileType = sourcecode.swift; path = ApiService.swift; sourceTree = "<group>"; };
		643C81722AAC761C0056B302 /* ApiError.swift */ = {isa = PBXFileReference; lastKnownFileType = sourcecode.swift; path = ApiError.swift; sourceTree = "<group>"; };
		643C81742AAC76650056B302 /* ApiRequest.swift */ = {isa = PBXFileReference; lastKnownFileType = sourcecode.swift; path = ApiRequest.swift; sourceTree = "<group>"; };
		644BAD442AAAFBD000221DC6 /* NewsArticles.app */ = {isa = PBXFileReference; explicitFileType = wrapper.application; includeInIndex = 0; path = NewsArticles.app; sourceTree = BUILT_PRODUCTS_DIR; };
		644BAD472AAAFBD000221DC6 /* NewsArticlesApp.swift */ = {isa = PBXFileReference; lastKnownFileType = sourcecode.swift; path = NewsArticlesApp.swift; sourceTree = "<group>"; };
		644BAD4B2AAAFBD000221DC6 /* Assets.xcassets */ = {isa = PBXFileReference; lastKnownFileType = folder.assetcatalog; path = Assets.xcassets; sourceTree = "<group>"; };
		644BAD4E2AAAFBD000221DC6 /* Preview Assets.xcassets */ = {isa = PBXFileReference; lastKnownFileType = folder.assetcatalog; path = "Preview Assets.xcassets"; sourceTree = "<group>"; };
		644BAD542AAAFBD100221DC6 /* NewsArticlesTests.xctest */ = {isa = PBXFileReference; explicitFileType = wrapper.cfbundle; includeInIndex = 0; path = NewsArticlesTests.xctest; sourceTree = BUILT_PRODUCTS_DIR; };
		644BAD582AAAFBD100221DC6 /* NewsArticlesTests.swift */ = {isa = PBXFileReference; lastKnownFileType = sourcecode.swift; path = NewsArticlesTests.swift; sourceTree = "<group>"; };
		644BAD5E2AAAFBD100221DC6 /* NewsArticlesUITests.xctest */ = {isa = PBXFileReference; explicitFileType = wrapper.cfbundle; includeInIndex = 0; path = NewsArticlesUITests.xctest; sourceTree = BUILT_PRODUCTS_DIR; };
		644BAD622AAAFBD100221DC6 /* NewsArticlesUITests.swift */ = {isa = PBXFileReference; lastKnownFileType = sourcecode.swift; path = NewsArticlesUITests.swift; sourceTree = "<group>"; };
		644BAD642AAAFBD100221DC6 /* NewsArticlesUITestsLaunchTests.swift */ = {isa = PBXFileReference; lastKnownFileType = sourcecode.swift; path = NewsArticlesUITestsLaunchTests.swift; sourceTree = "<group>"; };
		64689EBD2AACC576007DEDA8 /* HomeViewStore.swift */ = {isa = PBXFileReference; lastKnownFileType = sourcecode.swift; path = HomeViewStore.swift; sourceTree = "<group>"; };
		64689EC02AACC5D1007DEDA8 /* ViewModelDelegate.swift */ = {isa = PBXFileReference; lastKnownFileType = sourcecode.swift; path = ViewModelDelegate.swift; sourceTree = "<group>"; };
		64689EC22AACC6A3007DEDA8 /* ViewModel.swift */ = {isa = PBXFileReference; lastKnownFileType = sourcecode.swift; path = ViewModel.swift; sourceTree = "<group>"; };
		64689EC42AACC7E4007DEDA8 /* ViewState.swift */ = {isa = PBXFileReference; lastKnownFileType = sourcecode.swift; path = ViewState.swift; sourceTree = "<group>"; };
		64689EC62AACCA42007DEDA8 /* HomeServiceRoute.swift */ = {isa = PBXFileReference; lastKnownFileType = sourcecode.swift; path = HomeServiceRoute.swift; sourceTree = "<group>"; };
		64689EC82AACCF37007DEDA8 /* Articles.swift */ = {isa = PBXFileReference; lastKnownFileType = sourcecode.swift; path = Articles.swift; sourceTree = "<group>"; };
		64689ECA2AACCF50007DEDA8 /* BaseResponse.swift */ = {isa = PBXFileReference; lastKnownFileType = sourcecode.swift; path = BaseResponse.swift; sourceTree = "<group>"; };
/* End PBXFileReference section */

/* Begin PBXFrameworksBuildPhase section */
		644BAD412AAAFBD000221DC6 /* Frameworks */ = {
			isa = PBXFrameworksBuildPhase;
			buildActionMask = 2147483647;
			files = (
			);
			runOnlyForDeploymentPostprocessing = 0;
		};
		644BAD512AAAFBD100221DC6 /* Frameworks */ = {
			isa = PBXFrameworksBuildPhase;
			buildActionMask = 2147483647;
			files = (
			);
			runOnlyForDeploymentPostprocessing = 0;
		};
		644BAD5B2AAAFBD100221DC6 /* Frameworks */ = {
			isa = PBXFrameworksBuildPhase;
			buildActionMask = 2147483647;
			files = (
			);
			runOnlyForDeploymentPostprocessing = 0;
		};
/* End PBXFrameworksBuildPhase section */

/* Begin PBXGroup section */
		643C812F2AAC42C90056B302 /* Features */ = {
			isa = PBXGroup;
			children = (
				643C81622AAC65BD0056B302 /* CommonComponents */,
				643C81312AAC42FD0056B302 /* Home */,
				643C81302AAC42F20056B302 /* TabView */,
				643C81332AAC43100056B302 /* Market */,
				643C81322AAC43070056B302 /* TodaysNews */,
			);
			path = Features;
			sourceTree = "<group>";
		};
		643C81302AAC42F20056B302 /* TabView */ = {
			isa = PBXGroup;
			children = (
				643C81362AAC43410056B302 /* View */,
				643C81352AAC433C0056B302 /* ViewModel */,
				643C81342AAC43360056B302 /* Model */,
			);
			path = TabView;
			sourceTree = "<group>";
		};
		643C81312AAC42FD0056B302 /* Home */ = {
			isa = PBXGroup;
			children = (
				643C81422AAC43810056B302 /* Model */,
				643C81402AAC43810056B302 /* View */,
				643C81412AAC43810056B302 /* ViewModel */,
			);
			path = Home;
			sourceTree = "<group>";
		};
		643C81322AAC43070056B302 /* TodaysNews */ = {
			isa = PBXGroup;
			children = (
				643C813D2AAC43780056B302 /* Model */,
				643C813F2AAC43780056B302 /* View */,
				643C813E2AAC43780056B302 /* ViewModel */,
			);
			path = TodaysNews;
			sourceTree = "<group>";
		};
		643C81332AAC43100056B302 /* Market */ = {
			isa = PBXGroup;
			children = (
				643C81442AAC43920056B302 /* Model */,
				643C81452AAC43920056B302 /* View */,
				643C81432AAC43920056B302 /* ViewModel */,
			);
			path = Market;
			sourceTree = "<group>";
		};
		643C81342AAC43360056B302 /* Model */ = {
			isa = PBXGroup;
			children = (
				643C814F2AAC46A60056B302 /* TabItems.swift */,
				643C81512AAC47B40056B302 /* TabViewAssets.xcassets */,
			);
			path = Model;
			sourceTree = "<group>";
		};
		643C81352AAC433C0056B302 /* ViewModel */ = {
			isa = PBXGroup;
			children = (
			);
			path = ViewModel;
			sourceTree = "<group>";
		};
		643C81362AAC43410056B302 /* View */ = {
			isa = PBXGroup;
			children = (
				643C81472AAC43E40056B302 /* NewsTabView.swift */,
			);
			path = View;
			sourceTree = "<group>";
		};
		643C813D2AAC43780056B302 /* Model */ = {
			isa = PBXGroup;
			children = (
			);
			path = Model;
			sourceTree = "<group>";
		};
		643C813E2AAC43780056B302 /* ViewModel */ = {
			isa = PBXGroup;
			children = (
			);
			path = ViewModel;
			sourceTree = "<group>";
		};
		643C813F2AAC43780056B302 /* View */ = {
			isa = PBXGroup;
			children = (
				643C814B2AAC44D20056B302 /* TodaysNewsTabItem.swift */,
			);
			path = View;
			sourceTree = "<group>";
		};
		643C81402AAC43810056B302 /* View */ = {
			isa = PBXGroup;
			children = (
				643C81492AAC44AF0056B302 /* HomeView.swift */,
				643C81572AAC628A0056B302 /* HomeViewListItem.swift */,
			);
			path = View;
			sourceTree = "<group>";
		};
		643C81412AAC43810056B302 /* ViewModel */ = {
			isa = PBXGroup;
			children = (
				64689EBD2AACC576007DEDA8 /* HomeViewStore.swift */,
			);
			path = ViewModel;
			sourceTree = "<group>";
		};
		643C81422AAC43810056B302 /* Model */ = {
			isa = PBXGroup;
			children = (
				64689EC62AACCA42007DEDA8 /* HomeServiceRoute.swift */,
				64689EC82AACCF37007DEDA8 /* Articles.swift */,
			);
			path = Model;
			sourceTree = "<group>";
		};
		643C81432AAC43920056B302 /* ViewModel */ = {
			isa = PBXGroup;
			children = (
			);
			path = ViewModel;
			sourceTree = "<group>";
		};
		643C81442AAC43920056B302 /* Model */ = {
			isa = PBXGroup;
			children = (
			);
			path = Model;
			sourceTree = "<group>";
		};
		643C81452AAC43920056B302 /* View */ = {
			isa = PBXGroup;
			children = (
				643C814D2AAC44F30056B302 /* MarketTabItem.swift */,
			);
			path = View;
			sourceTree = "<group>";
		};
		643C81462AAC43B60056B302 /* ApiService */ = {
			isa = PBXGroup;
			children = (
				643C81702AAC75510056B302 /* ApiService.swift */,
				643C81722AAC761C0056B302 /* ApiError.swift */,
				643C81742AAC76650056B302 /* ApiRequest.swift */,
			);
			path = ApiService;
			sourceTree = "<group>";
		};
		643C81532AAC5E2F0056B302 /* Constants */ = {
			isa = PBXGroup;
			children = (
				643C81552AAC5E4D0056B302 /* AppFont.swift */,
				643C816B2AAC66B50056B302 /* AppColor.swift */,
				64689EC42AACC7E4007DEDA8 /* ViewState.swift */,
			);
			path = Constants;
			sourceTree = "<group>";
		};
		643C81602AAC65A00056B302 /* HeadLineText */ = {
			isa = PBXGroup;
			children = (
				643C815A2AAC63EF0056B302 /* HeadlineText.swift */,
			);
			path = HeadLineText;
			sourceTree = "<group>";
		};
		643C81612AAC65B10056B302 /* StoryText */ = {
			isa = PBXGroup;
			children = (
				643C815C2AAC65760056B302 /* StoryText.swift */,
			);
			path = StoryText;
			sourceTree = "<group>";
		};
		643C81622AAC65BD0056B302 /* CommonComponents */ = {
			isa = PBXGroup;
			children = (
				643C81632AAC65DA0056B302 /* AuthorText */,
				643C81612AAC65B10056B302 /* StoryText */,
				643C81602AAC65A00056B302 /* HeadLineText */,
			);
			path = CommonComponents;
			sourceTree = "<group>";
		};
		643C81632AAC65DA0056B302 /* AuthorText */ = {
			isa = PBXGroup;
			children = (
				643C815E2AAC65830056B302 /* AuthorText.swift */,
			);
			path = AuthorText;
			sourceTree = "<group>";
		};
		644BAD3B2AAAFBD000221DC6 = {
			isa = PBXGroup;
			children = (
				644BAD462AAAFBD000221DC6 /* NewsArticles */,
				644BAD572AAAFBD100221DC6 /* NewsArticlesTests */,
				644BAD612AAAFBD100221DC6 /* NewsArticlesUITests */,
				644BAD452AAAFBD000221DC6 /* Products */,
			);
			sourceTree = "<group>";
		};
		644BAD452AAAFBD000221DC6 /* Products */ = {
			isa = PBXGroup;
			children = (
				644BAD442AAAFBD000221DC6 /* NewsArticles.app */,
				644BAD542AAAFBD100221DC6 /* NewsArticlesTests.xctest */,
				644BAD5E2AAAFBD100221DC6 /* NewsArticlesUITests.xctest */,
			);
			name = Products;
			sourceTree = "<group>";
		};
		644BAD462AAAFBD000221DC6 /* NewsArticles */ = {
			isa = PBXGroup;
			children = (
				64689EBF2AACC59E007DEDA8 /* CommonClasses */,
				643C81532AAC5E2F0056B302 /* Constants */,
				643C81462AAC43B60056B302 /* ApiService */,
				643C812F2AAC42C90056B302 /* Features */,
				644BAD472AAAFBD000221DC6 /* NewsArticlesApp.swift */,
				644BAD4B2AAAFBD000221DC6 /* Assets.xcassets */,
				644BAD4D2AAAFBD000221DC6 /* Preview Content */,
			);
			path = NewsArticles;
			sourceTree = "<group>";
		};
		644BAD4D2AAAFBD000221DC6 /* Preview Content */ = {
			isa = PBXGroup;
			children = (
				644BAD4E2AAAFBD000221DC6 /* Preview Assets.xcassets */,
			);
			path = "Preview Content";
			sourceTree = "<group>";
		};
		644BAD572AAAFBD100221DC6 /* NewsArticlesTests */ = {
			isa = PBXGroup;
			children = (
				644BAD582AAAFBD100221DC6 /* NewsArticlesTests.swift */,
			);
			path = NewsArticlesTests;
			sourceTree = "<group>";
		};
		644BAD612AAAFBD100221DC6 /* NewsArticlesUITests */ = {
			isa = PBXGroup;
			children = (
				644BAD622AAAFBD100221DC6 /* NewsArticlesUITests.swift */,
				644BAD642AAAFBD100221DC6 /* NewsArticlesUITestsLaunchTests.swift */,
			);
			path = NewsArticlesUITests;
			sourceTree = "<group>";
		};
		64689EBF2AACC59E007DEDA8 /* CommonClasses */ = {
			isa = PBXGroup;
			children = (
				64689EC02AACC5D1007DEDA8 /* ViewModelDelegate.swift */,
				64689EC22AACC6A3007DEDA8 /* ViewModel.swift */,
				64689ECA2AACCF50007DEDA8 /* BaseResponse.swift */,
			);
			path = CommonClasses;
			sourceTree = "<group>";
		};
/* End PBXGroup section */

/* Begin PBXNativeTarget section */
		644BAD432AAAFBD000221DC6 /* NewsArticles */ = {
			isa = PBXNativeTarget;
			buildConfigurationList = 644BAD682AAAFBD100221DC6 /* Build configuration list for PBXNativeTarget "NewsArticles" */;
			buildPhases = (
				644BAD402AAAFBD000221DC6 /* Sources */,
				644BAD412AAAFBD000221DC6 /* Frameworks */,
				644BAD422AAAFBD000221DC6 /* Resources */,
			);
			buildRules = (
			);
			dependencies = (
			);
			name = NewsArticles;
			productName = NewsArticles;
			productReference = 644BAD442AAAFBD000221DC6 /* NewsArticles.app */;
			productType = "com.apple.product-type.application";
		};
		644BAD532AAAFBD100221DC6 /* NewsArticlesTests */ = {
			isa = PBXNativeTarget;
			buildConfigurationList = 644BAD6B2AAAFBD100221DC6 /* Build configuration list for PBXNativeTarget "NewsArticlesTests" */;
			buildPhases = (
				644BAD502AAAFBD100221DC6 /* Sources */,
				644BAD512AAAFBD100221DC6 /* Frameworks */,
				644BAD522AAAFBD100221DC6 /* Resources */,
			);
			buildRules = (
			);
			dependencies = (
				644BAD562AAAFBD100221DC6 /* PBXTargetDependency */,
			);
			name = NewsArticlesTests;
			productName = NewsArticlesTests;
			productReference = 644BAD542AAAFBD100221DC6 /* NewsArticlesTests.xctest */;
			productType = "com.apple.product-type.bundle.unit-test";
		};
		644BAD5D2AAAFBD100221DC6 /* NewsArticlesUITests */ = {
			isa = PBXNativeTarget;
			buildConfigurationList = 644BAD6E2AAAFBD100221DC6 /* Build configuration list for PBXNativeTarget "NewsArticlesUITests" */;
			buildPhases = (
				644BAD5A2AAAFBD100221DC6 /* Sources */,
				644BAD5B2AAAFBD100221DC6 /* Frameworks */,
				644BAD5C2AAAFBD100221DC6 /* Resources */,
			);
			buildRules = (
			);
			dependencies = (
				644BAD602AAAFBD100221DC6 /* PBXTargetDependency */,
			);
			name = NewsArticlesUITests;
			productName = NewsArticlesUITests;
			productReference = 644BAD5E2AAAFBD100221DC6 /* NewsArticlesUITests.xctest */;
			productType = "com.apple.product-type.bundle.ui-testing";
		};
/* End PBXNativeTarget section */

/* Begin PBXProject section */
		644BAD3C2AAAFBD000221DC6 /* Project object */ = {
			isa = PBXProject;
			attributes = {
				BuildIndependentTargetsInParallel = 1;
				LastSwiftUpdateCheck = 1430;
				LastUpgradeCheck = 1430;
				TargetAttributes = {
					644BAD432AAAFBD000221DC6 = {
						CreatedOnToolsVersion = 14.3.1;
					};
					644BAD532AAAFBD100221DC6 = {
						CreatedOnToolsVersion = 14.3.1;
						TestTargetID = 644BAD432AAAFBD000221DC6;
					};
					644BAD5D2AAAFBD100221DC6 = {
						CreatedOnToolsVersion = 14.3.1;
						TestTargetID = 644BAD432AAAFBD000221DC6;
					};
				};
			};
			buildConfigurationList = 644BAD3F2AAAFBD000221DC6 /* Build configuration list for PBXProject "NewsArticles" */;
			compatibilityVersion = "Xcode 14.0";
			developmentRegion = en;
			hasScannedForEncodings = 0;
			knownRegions = (
				en,
				Base,
			);
			mainGroup = 644BAD3B2AAAFBD000221DC6;
			productRefGroup = 644BAD452AAAFBD000221DC6 /* Products */;
			projectDirPath = "";
			projectRoot = "";
			targets = (
				644BAD432AAAFBD000221DC6 /* NewsArticles */,
				644BAD532AAAFBD100221DC6 /* NewsArticlesTests */,
				644BAD5D2AAAFBD100221DC6 /* NewsArticlesUITests */,
			);
		};
/* End PBXProject section */

/* Begin PBXResourcesBuildPhase section */
		644BAD422AAAFBD000221DC6 /* Resources */ = {
			isa = PBXResourcesBuildPhase;
			buildActionMask = 2147483647;
			files = (
				643C81522AAC47B40056B302 /* TabViewAssets.xcassets in Resources */,
				644BAD4F2AAAFBD000221DC6 /* Preview Assets.xcassets in Resources */,
				644BAD4C2AAAFBD000221DC6 /* Assets.xcassets in Resources */,
			);
			runOnlyForDeploymentPostprocessing = 0;
		};
		644BAD522AAAFBD100221DC6 /* Resources */ = {
			isa = PBXResourcesBuildPhase;
			buildActionMask = 2147483647;
			files = (
			);
			runOnlyForDeploymentPostprocessing = 0;
		};
		644BAD5C2AAAFBD100221DC6 /* Resources */ = {
			isa = PBXResourcesBuildPhase;
			buildActionMask = 2147483647;
			files = (
			);
			runOnlyForDeploymentPostprocessing = 0;
		};
/* End PBXResourcesBuildPhase section */

/* Begin PBXSourcesBuildPhase section */
		644BAD402AAAFBD000221DC6 /* Sources */ = {
			isa = PBXSourcesBuildPhase;
			buildActionMask = 2147483647;
			files = (
				643C815D2AAC65760056B302 /* StoryText.swift in Sources */,
				643C815F2AAC65830056B302 /* AuthorText.swift in Sources */,
				643C81582AAC628A0056B302 /* HomeViewListItem.swift in Sources */,
				64689EBE2AACC576007DEDA8 /* HomeViewStore.swift in Sources */,
				644BAD482AAAFBD000221DC6 /* NewsArticlesApp.swift in Sources */,
				643C815B2AAC63EF0056B302 /* HeadlineText.swift in Sources */,
				64689EC72AACCA42007DEDA8 /* HomeServiceRoute.swift in Sources */,
				64689EC12AACC5D1007DEDA8 /* ViewModelDelegate.swift in Sources */,
				643C816C2AAC66B50056B302 /* AppColor.swift in Sources */,
				64689ECB2AACCF50007DEDA8 /* BaseResponse.swift in Sources */,
				64689EC92AACCF37007DEDA8 /* Articles.swift in Sources */,
				64689EC52AACC7E4007DEDA8 /* ViewState.swift in Sources */,
				643C81482AAC43E40056B302 /* NewsTabView.swift in Sources */,
				643C81732AAC761C0056B302 /* ApiError.swift in Sources */,
				64689EC32AACC6A3007DEDA8 /* ViewModel.swift in Sources */,
				643C81752AAC76650056B302 /* ApiRequest.swift in Sources */,
				643C81712AAC75510056B302 /* ApiService.swift in Sources */,
				643C814A2AAC44AF0056B302 /* HomeView.swift in Sources */,
				643C81562AAC5E4D0056B302 /* AppFont.swift in Sources */,
				643C814E2AAC44F30056B302 /* MarketTabItem.swift in Sources */,
				643C814C2AAC44D20056B302 /* TodaysNewsTabItem.swift in Sources */,
				643C81502AAC46A60056B302 /* TabItems.swift in Sources */,
			);
			runOnlyForDeploymentPostprocessing = 0;
		};
		644BAD502AAAFBD100221DC6 /* Sources */ = {
			isa = PBXSourcesBuildPhase;
			buildActionMask = 2147483647;
			files = (
				644BAD592AAAFBD100221DC6 /* NewsArticlesTests.swift in Sources */,
			);
			runOnlyForDeploymentPostprocessing = 0;
		};
		644BAD5A2AAAFBD100221DC6 /* Sources */ = {
			isa = PBXSourcesBuildPhase;
			buildActionMask = 2147483647;
			files = (
				644BAD652AAAFBD100221DC6 /* NewsArticlesUITestsLaunchTests.swift in Sources */,
				644BAD632AAAFBD100221DC6 /* NewsArticlesUITests.swift in Sources */,
			);
			runOnlyForDeploymentPostprocessing = 0;
		};
/* End PBXSourcesBuildPhase section */

/* Begin PBXTargetDependency section */
		644BAD562AAAFBD100221DC6 /* PBXTargetDependency */ = {
			isa = PBXTargetDependency;
			target = 644BAD432AAAFBD000221DC6 /* NewsArticles */;
			targetProxy = 644BAD552AAAFBD100221DC6 /* PBXContainerItemProxy */;
		};
		644BAD602AAAFBD100221DC6 /* PBXTargetDependency */ = {
			isa = PBXTargetDependency;
			target = 644BAD432AAAFBD000221DC6 /* NewsArticles */;
			targetProxy = 644BAD5F2AAAFBD100221DC6 /* PBXContainerItemProxy */;
		};
/* End PBXTargetDependency section */

/* Begin XCBuildConfiguration section */
		644BAD662AAAFBD100221DC6 /* Debug */ = {
			isa = XCBuildConfiguration;
			buildSettings = {
				ALWAYS_SEARCH_USER_PATHS = NO;
				CLANG_ANALYZER_NONNULL = YES;
				CLANG_ANALYZER_NUMBER_OBJECT_CONVERSION = YES_AGGRESSIVE;
				CLANG_CXX_LANGUAGE_STANDARD = "gnu++20";
				CLANG_ENABLE_MODULES = YES;
				CLANG_ENABLE_OBJC_ARC = YES;
				CLANG_ENABLE_OBJC_WEAK = YES;
				CLANG_WARN_BLOCK_CAPTURE_AUTORELEASING = YES;
				CLANG_WARN_BOOL_CONVERSION = YES;
				CLANG_WARN_COMMA = YES;
				CLANG_WARN_CONSTANT_CONVERSION = YES;
				CLANG_WARN_DEPRECATED_OBJC_IMPLEMENTATIONS = YES;
				CLANG_WARN_DIRECT_OBJC_ISA_USAGE = YES_ERROR;
				CLANG_WARN_DOCUMENTATION_COMMENTS = YES;
				CLANG_WARN_EMPTY_BODY = YES;
				CLANG_WARN_ENUM_CONVERSION = YES;
				CLANG_WARN_INFINITE_RECURSION = YES;
				CLANG_WARN_INT_CONVERSION = YES;
				CLANG_WARN_NON_LITERAL_NULL_CONVERSION = YES;
				CLANG_WARN_OBJC_IMPLICIT_RETAIN_SELF = YES;
				CLANG_WARN_OBJC_LITERAL_CONVERSION = YES;
				CLANG_WARN_OBJC_ROOT_CLASS = YES_ERROR;
				CLANG_WARN_QUOTED_INCLUDE_IN_FRAMEWORK_HEADER = YES;
				CLANG_WARN_RANGE_LOOP_ANALYSIS = YES;
				CLANG_WARN_STRICT_PROTOTYPES = YES;
				CLANG_WARN_SUSPICIOUS_MOVE = YES;
				CLANG_WARN_UNGUARDED_AVAILABILITY = YES_AGGRESSIVE;
				CLANG_WARN_UNREACHABLE_CODE = YES;
				CLANG_WARN__DUPLICATE_METHOD_MATCH = YES;
				COPY_PHASE_STRIP = NO;
				DEBUG_INFORMATION_FORMAT = dwarf;
				ENABLE_STRICT_OBJC_MSGSEND = YES;
				ENABLE_TESTABILITY = YES;
				GCC_C_LANGUAGE_STANDARD = gnu11;
				GCC_DYNAMIC_NO_PIC = NO;
				GCC_NO_COMMON_BLOCKS = YES;
				GCC_OPTIMIZATION_LEVEL = 0;
				GCC_PREPROCESSOR_DEFINITIONS = (
					"DEBUG=1",
					"$(inherited)",
				);
				GCC_WARN_64_TO_32_BIT_CONVERSION = YES;
				GCC_WARN_ABOUT_RETURN_TYPE = YES_ERROR;
				GCC_WARN_UNDECLARED_SELECTOR = YES;
				GCC_WARN_UNINITIALIZED_AUTOS = YES_AGGRESSIVE;
				GCC_WARN_UNUSED_FUNCTION = YES;
				GCC_WARN_UNUSED_VARIABLE = YES;
				IPHONEOS_DEPLOYMENT_TARGET = 16.4;
				MTL_ENABLE_DEBUG_INFO = INCLUDE_SOURCE;
				MTL_FAST_MATH = YES;
				ONLY_ACTIVE_ARCH = YES;
				SDKROOT = iphoneos;
				SWIFT_ACTIVE_COMPILATION_CONDITIONS = DEBUG;
				SWIFT_OPTIMIZATION_LEVEL = "-Onone";
			};
			name = Debug;
		};
		644BAD672AAAFBD100221DC6 /* Release */ = {
			isa = XCBuildConfiguration;
			buildSettings = {
				ALWAYS_SEARCH_USER_PATHS = NO;
				CLANG_ANALYZER_NONNULL = YES;
				CLANG_ANALYZER_NUMBER_OBJECT_CONVERSION = YES_AGGRESSIVE;
				CLANG_CXX_LANGUAGE_STANDARD = "gnu++20";
				CLANG_ENABLE_MODULES = YES;
				CLANG_ENABLE_OBJC_ARC = YES;
				CLANG_ENABLE_OBJC_WEAK = YES;
				CLANG_WARN_BLOCK_CAPTURE_AUTORELEASING = YES;
				CLANG_WARN_BOOL_CONVERSION = YES;
				CLANG_WARN_COMMA = YES;
				CLANG_WARN_CONSTANT_CONVERSION = YES;
				CLANG_WARN_DEPRECATED_OBJC_IMPLEMENTATIONS = YES;
				CLANG_WARN_DIRECT_OBJC_ISA_USAGE = YES_ERROR;
				CLANG_WARN_DOCUMENTATION_COMMENTS = YES;
				CLANG_WARN_EMPTY_BODY = YES;
				CLANG_WARN_ENUM_CONVERSION = YES;
				CLANG_WARN_INFINITE_RECURSION = YES;
				CLANG_WARN_INT_CONVERSION = YES;
				CLANG_WARN_NON_LITERAL_NULL_CONVERSION = YES;
				CLANG_WARN_OBJC_IMPLICIT_RETAIN_SELF = YES;
				CLANG_WARN_OBJC_LITERAL_CONVERSION = YES;
				CLANG_WARN_OBJC_ROOT_CLASS = YES_ERROR;
				CLANG_WARN_QUOTED_INCLUDE_IN_FRAMEWORK_HEADER = YES;
				CLANG_WARN_RANGE_LOOP_ANALYSIS = YES;
				CLANG_WARN_STRICT_PROTOTYPES = YES;
				CLANG_WARN_SUSPICIOUS_MOVE = YES;
				CLANG_WARN_UNGUARDED_AVAILABILITY = YES_AGGRESSIVE;
				CLANG_WARN_UNREACHABLE_CODE = YES;
				CLANG_WARN__DUPLICATE_METHOD_MATCH = YES;
				COPY_PHASE_STRIP = NO;
				DEBUG_INFORMATION_FORMAT = "dwarf-with-dsym";
				ENABLE_NS_ASSERTIONS = NO;
				ENABLE_STRICT_OBJC_MSGSEND = YES;
				GCC_C_LANGUAGE_STANDARD = gnu11;
				GCC_NO_COMMON_BLOCKS = YES;
				GCC_WARN_64_TO_32_BIT_CONVERSION = YES;
				GCC_WARN_ABOUT_RETURN_TYPE = YES_ERROR;
				GCC_WARN_UNDECLARED_SELECTOR = YES;
				GCC_WARN_UNINITIALIZED_AUTOS = YES_AGGRESSIVE;
				GCC_WARN_UNUSED_FUNCTION = YES;
				GCC_WARN_UNUSED_VARIABLE = YES;
				IPHONEOS_DEPLOYMENT_TARGET = 16.4;
				MTL_ENABLE_DEBUG_INFO = NO;
				MTL_FAST_MATH = YES;
				SDKROOT = iphoneos;
				SWIFT_COMPILATION_MODE = wholemodule;
				SWIFT_OPTIMIZATION_LEVEL = "-O";
				VALIDATE_PRODUCT = YES;
			};
			name = Release;
		};
		644BAD692AAAFBD100221DC6 /* Debug */ = {
			isa = XCBuildConfiguration;
			buildSettings = {
				ASSETCATALOG_COMPILER_APPICON_NAME = AppIcon;
				ASSETCATALOG_COMPILER_GLOBAL_ACCENT_COLOR_NAME = AccentColor;
				CODE_SIGN_STYLE = Automatic;
				CURRENT_PROJECT_VERSION = 1;
				DEVELOPMENT_ASSET_PATHS = "\"NewsArticles/Preview Content\"";
				DEVELOPMENT_TEAM = QGUE5P5ZE3;
				ENABLE_PREVIEWS = YES;
				GENERATE_INFOPLIST_FILE = YES;
				INFOPLIST_KEY_UIApplicationSceneManifest_Generation = YES;
				INFOPLIST_KEY_UIApplicationSupportsIndirectInputEvents = YES;
				INFOPLIST_KEY_UILaunchScreen_Generation = YES;
				INFOPLIST_KEY_UISupportedInterfaceOrientations_iPad = "UIInterfaceOrientationPortrait UIInterfaceOrientationPortraitUpsideDown UIInterfaceOrientationLandscapeLeft UIInterfaceOrientationLandscapeRight";
				INFOPLIST_KEY_UISupportedInterfaceOrientations_iPhone = "UIInterfaceOrientationPortrait UIInterfaceOrientationLandscapeLeft UIInterfaceOrientationLandscapeRight";
				LD_RUNPATH_SEARCH_PATHS = (
					"$(inherited)",
					"@executable_path/Frameworks",
				);
				MARKETING_VERSION = 1.0;
				PRODUCT_BUNDLE_IDENTIFIER = com.study.arctest.NewsArticles;
				PRODUCT_NAME = "$(TARGET_NAME)";
				SWIFT_EMIT_LOC_STRINGS = YES;
				SWIFT_VERSION = 5.0;
				TARGETED_DEVICE_FAMILY = "1,2";
			};
			name = Debug;
		};
		644BAD6A2AAAFBD100221DC6 /* Release */ = {
			isa = XCBuildConfiguration;
			buildSettings = {
				ASSETCATALOG_COMPILER_APPICON_NAME = AppIcon;
				ASSETCATALOG_COMPILER_GLOBAL_ACCENT_COLOR_NAME = AccentColor;
				CODE_SIGN_STYLE = Automatic;
				CURRENT_PROJECT_VERSION = 1;
				DEVELOPMENT_ASSET_PATHS = "\"NewsArticles/Preview Content\"";
				DEVELOPMENT_TEAM = QGUE5P5ZE3;
				ENABLE_PREVIEWS = YES;
				GENERATE_INFOPLIST_FILE = YES;
				INFOPLIST_KEY_UIApplicationSceneManifest_Generation = YES;
				INFOPLIST_KEY_UIApplicationSupportsIndirectInputEvents = YES;
				INFOPLIST_KEY_UILaunchScreen_Generation = YES;
				INFOPLIST_KEY_UISupportedInterfaceOrientations_iPad = "UIInterfaceOrientationPortrait UIInterfaceOrientationPortraitUpsideDown UIInterfaceOrientationLandscapeLeft UIInterfaceOrientationLandscapeRight";
				INFOPLIST_KEY_UISupportedInterfaceOrientations_iPhone = "UIInterfaceOrientationPortrait UIInterfaceOrientationLandscapeLeft UIInterfaceOrientationLandscapeRight";
				LD_RUNPATH_SEARCH_PATHS = (
					"$(inherited)",
					"@executable_path/Frameworks",
				);
				MARKETING_VERSION = 1.0;
				PRODUCT_BUNDLE_IDENTIFIER = com.study.arctest.NewsArticles;
				PRODUCT_NAME = "$(TARGET_NAME)";
				SWIFT_EMIT_LOC_STRINGS = YES;
				SWIFT_VERSION = 5.0;
				TARGETED_DEVICE_FAMILY = "1,2";
			};
			name = Release;
		};
		644BAD6C2AAAFBD100221DC6 /* Debug */ = {
			isa = XCBuildConfiguration;
			buildSettings = {
				ALWAYS_EMBED_SWIFT_STANDARD_LIBRARIES = YES;
				BUNDLE_LOADER = "$(TEST_HOST)";
				CODE_SIGN_STYLE = Automatic;
				CURRENT_PROJECT_VERSION = 1;
				DEVELOPMENT_TEAM = QGUE5P5ZE3;
				GENERATE_INFOPLIST_FILE = YES;
				IPHONEOS_DEPLOYMENT_TARGET = 16.4;
				MARKETING_VERSION = 1.0;
				PRODUCT_BUNDLE_IDENTIFIER = com.study.arctest.NewsArticlesTests;
				PRODUCT_NAME = "$(TARGET_NAME)";
				SWIFT_EMIT_LOC_STRINGS = NO;
				SWIFT_VERSION = 5.0;
				TARGETED_DEVICE_FAMILY = "1,2";
				TEST_HOST = "$(BUILT_PRODUCTS_DIR)/NewsArticles.app/$(BUNDLE_EXECUTABLE_FOLDER_PATH)/NewsArticles";
			};
			name = Debug;
		};
		644BAD6D2AAAFBD100221DC6 /* Release */ = {
			isa = XCBuildConfiguration;
			buildSettings = {
				ALWAYS_EMBED_SWIFT_STANDARD_LIBRARIES = YES;
				BUNDLE_LOADER = "$(TEST_HOST)";
				CODE_SIGN_STYLE = Automatic;
				CURRENT_PROJECT_VERSION = 1;
				DEVELOPMENT_TEAM = QGUE5P5ZE3;
				GENERATE_INFOPLIST_FILE = YES;
				IPHONEOS_DEPLOYMENT_TARGET = 16.4;
				MARKETING_VERSION = 1.0;
				PRODUCT_BUNDLE_IDENTIFIER = com.study.arctest.NewsArticlesTests;
				PRODUCT_NAME = "$(TARGET_NAME)";
				SWIFT_EMIT_LOC_STRINGS = NO;
				SWIFT_VERSION = 5.0;
				TARGETED_DEVICE_FAMILY = "1,2";
				TEST_HOST = "$(BUILT_PRODUCTS_DIR)/NewsArticles.app/$(BUNDLE_EXECUTABLE_FOLDER_PATH)/NewsArticles";
			};
			name = Release;
		};
		644BAD6F2AAAFBD100221DC6 /* Debug */ = {
			isa = XCBuildConfiguration;
			buildSettings = {
				ALWAYS_EMBED_SWIFT_STANDARD_LIBRARIES = YES;
				CODE_SIGN_STYLE = Automatic;
				CURRENT_PROJECT_VERSION = 1;
				DEVELOPMENT_TEAM = QGUE5P5ZE3;
				GENERATE_INFOPLIST_FILE = YES;
				MARKETING_VERSION = 1.0;
				PRODUCT_BUNDLE_IDENTIFIER = com.study.arctest.NewsArticlesUITests;
				PRODUCT_NAME = "$(TARGET_NAME)";
				SWIFT_EMIT_LOC_STRINGS = NO;
				SWIFT_VERSION = 5.0;
				TARGETED_DEVICE_FAMILY = "1,2";
				TEST_TARGET_NAME = NewsArticles;
			};
			name = Debug;
		};
		644BAD702AAAFBD100221DC6 /* Release */ = {
			isa = XCBuildConfiguration;
			buildSettings = {
				ALWAYS_EMBED_SWIFT_STANDARD_LIBRARIES = YES;
				CODE_SIGN_STYLE = Automatic;
				CURRENT_PROJECT_VERSION = 1;
				DEVELOPMENT_TEAM = QGUE5P5ZE3;
				GENERATE_INFOPLIST_FILE = YES;
				MARKETING_VERSION = 1.0;
				PRODUCT_BUNDLE_IDENTIFIER = com.study.arctest.NewsArticlesUITests;
				PRODUCT_NAME = "$(TARGET_NAME)";
				SWIFT_EMIT_LOC_STRINGS = NO;
				SWIFT_VERSION = 5.0;
				TARGETED_DEVICE_FAMILY = "1,2";
				TEST_TARGET_NAME = NewsArticles;
			};
			name = Release;
		};
/* End XCBuildConfiguration section */

/* Begin XCConfigurationList section */
		644BAD3F2AAAFBD000221DC6 /* Build configuration list for PBXProject "NewsArticles" */ = {
			isa = XCConfigurationList;
			buildConfigurations = (
				644BAD662AAAFBD100221DC6 /* Debug */,
				644BAD672AAAFBD100221DC6 /* Release */,
			);
			defaultConfigurationIsVisible = 0;
			defaultConfigurationName = Release;
		};
		644BAD682AAAFBD100221DC6 /* Build configuration list for PBXNativeTarget "NewsArticles" */ = {
			isa = XCConfigurationList;
			buildConfigurations = (
				644BAD692AAAFBD100221DC6 /* Debug */,
				644BAD6A2AAAFBD100221DC6 /* Release */,
			);
			defaultConfigurationIsVisible = 0;
			defaultConfigurationName = Release;
		};
		644BAD6B2AAAFBD100221DC6 /* Build configuration list for PBXNativeTarget "NewsArticlesTests" */ = {
			isa = XCConfigurationList;
			buildConfigurations = (
				644BAD6C2AAAFBD100221DC6 /* Debug */,
				644BAD6D2AAAFBD100221DC6 /* Release */,
			);
			defaultConfigurationIsVisible = 0;
			defaultConfigurationName = Release;
		};
		644BAD6E2AAAFBD100221DC6 /* Build configuration list for PBXNativeTarget "NewsArticlesUITests" */ = {
			isa = XCConfigurationList;
			buildConfigurations = (
				644BAD6F2AAAFBD100221DC6 /* Debug */,
				644BAD702AAAFBD100221DC6 /* Release */,
			);
			defaultConfigurationIsVisible = 0;
			defaultConfigurationName = Release;
		};
/* End XCConfigurationList section */
	};
	rootObject = 644BAD3C2AAAFBD000221DC6 /* Project object */;
}
